// !$*UTF8*$!
{
	archiveVersion = 1;
	classes = {
	};
	objectVersion = 50;
	objects = {

/* Begin PBXBuildFile section */
		28BAA17322E49325006A07B7 /* AppDelegate.swift in Sources */ = {isa = PBXBuildFile; fileRef = 28BAA17222E49325006A07B7 /* AppDelegate.swift */; };
		28BAA17822E49325006A07B7 /* Main.storyboard in Resources */ = {isa = PBXBuildFile; fileRef = 28BAA17622E49325006A07B7 /* Main.storyboard */; };
		28BAA17A22E49327006A07B7 /* Assets.xcassets in Resources */ = {isa = PBXBuildFile; fileRef = 28BAA17922E49327006A07B7 /* Assets.xcassets */; };
		28BAA17D22E49327006A07B7 /* LaunchScreen.storyboard in Resources */ = {isa = PBXBuildFile; fileRef = 28BAA17B22E49327006A07B7 /* LaunchScreen.storyboard */; };
		28BAA18822E49327006A07B7 /* CustomTableViewUITests.swift in Sources */ = {isa = PBXBuildFile; fileRef = 28BAA18722E49327006A07B7 /* CustomTableViewUITests.swift */; };
		28BAA19B22E493AC006A07B7 /* CustomTableViewStoryboard.storyboard in Resources */ = {isa = PBXBuildFile; fileRef = 28BAA19222E493AC006A07B7 /* CustomTableViewStoryboard.storyboard */; };
		28BAA19C22E493AC006A07B7 /* CustomTableViewPresenter.swift in Sources */ = {isa = PBXBuildFile; fileRef = 28BAA19322E493AC006A07B7 /* CustomTableViewPresenter.swift */; };
		28BAA19F22E493AC006A07B7 /* CustomTableViewModels.swift in Sources */ = {isa = PBXBuildFile; fileRef = 28BAA19622E493AC006A07B7 /* CustomTableViewModels.swift */; };
		28BAA1A022E493AC006A07B7 /* CustomTableViewViewController.swift in Sources */ = {isa = PBXBuildFile; fileRef = 28BAA19722E493AC006A07B7 /* CustomTableViewViewController.swift */; };
		28BAA1A122E493AC006A07B7 /* CustomTableViewInteractor.swift in Sources */ = {isa = PBXBuildFile; fileRef = 28BAA19822E493AC006A07B7 /* CustomTableViewInteractor.swift */; };
		28BAA1A222E493AC006A07B7 /* CustomTableViewConfigurator.swift in Sources */ = {isa = PBXBuildFile; fileRef = 28BAA19922E493AC006A07B7 /* CustomTableViewConfigurator.swift */; };
		28BAA1A822E4945A006A07B7 /* CustomTableViewCell.swift in Sources */ = {isa = PBXBuildFile; fileRef = 28BAA1A622E4945A006A07B7 /* CustomTableViewCell.swift */; };
		28BAA1A922E4945A006A07B7 /* CustomTableViewCell.xib in Resources */ = {isa = PBXBuildFile; fileRef = 28BAA1A722E4945A006A07B7 /* CustomTableViewCell.xib */; };
		28BAA1AC22E4976C006A07B7 /* Constant.swift in Sources */ = {isa = PBXBuildFile; fileRef = 28BAA1AB22E4976C006A07B7 /* Constant.swift */; };
/* End PBXBuildFile section */

/* Begin PBXContainerItemProxy section */
		28BAA18422E49327006A07B7 /* PBXContainerItemProxy */ = {
			isa = PBXContainerItemProxy;
			containerPortal = 28BAA16722E49325006A07B7 /* Project object */;
			proxyType = 1;
			remoteGlobalIDString = 28BAA16E22E49325006A07B7;
			remoteInfo = CustomTableView;
		};
/* End PBXContainerItemProxy section */

/* Begin PBXFileReference section */
		28BAA16F22E49325006A07B7 /* CustomTableView.app */ = {isa = PBXFileReference; explicitFileType = wrapper.application; includeInIndex = 0; path = CustomTableView.app; sourceTree = BUILT_PRODUCTS_DIR; };
		28BAA17222E49325006A07B7 /* AppDelegate.swift */ = {isa = PBXFileReference; lastKnownFileType = sourcecode.swift; path = AppDelegate.swift; sourceTree = "<group>"; };
		28BAA17722E49325006A07B7 /* Base */ = {isa = PBXFileReference; lastKnownFileType = file.storyboard; name = Base; path = Base.lproj/Main.storyboard; sourceTree = "<group>"; };
		28BAA17922E49327006A07B7 /* Assets.xcassets */ = {isa = PBXFileReference; lastKnownFileType = folder.assetcatalog; path = Assets.xcassets; sourceTree = "<group>"; };
		28BAA17C22E49327006A07B7 /* Base */ = {isa = PBXFileReference; lastKnownFileType = file.storyboard; name = Base; path = Base.lproj/LaunchScreen.storyboard; sourceTree = "<group>"; };
		28BAA17E22E49327006A07B7 /* Info.plist */ = {isa = PBXFileReference; lastKnownFileType = text.plist.xml; path = Info.plist; sourceTree = "<group>"; };
		28BAA18322E49327006A07B7 /* CustomTableViewUITests.xctest */ = {isa = PBXFileReference; explicitFileType = wrapper.cfbundle; includeInIndex = 0; path = CustomTableViewUITests.xctest; sourceTree = BUILT_PRODUCTS_DIR; };
		28BAA18722E49327006A07B7 /* CustomTableViewUITests.swift */ = {isa = PBXFileReference; lastKnownFileType = sourcecode.swift; path = CustomTableViewUITests.swift; sourceTree = "<group>"; };
		28BAA18922E49327006A07B7 /* Info.plist */ = {isa = PBXFileReference; lastKnownFileType = text.plist.xml; path = Info.plist; sourceTree = "<group>"; };
		28BAA19222E493AC006A07B7 /* CustomTableViewStoryboard.storyboard */ = {isa = PBXFileReference; lastKnownFileType = file.storyboard; path = CustomTableViewStoryboard.storyboard; sourceTree = "<group>"; };
		28BAA19322E493AC006A07B7 /* CustomTableViewPresenter.swift */ = {isa = PBXFileReference; lastKnownFileType = sourcecode.swift; path = CustomTableViewPresenter.swift; sourceTree = "<group>"; };
		28BAA19622E493AC006A07B7 /* CustomTableViewModels.swift */ = {isa = PBXFileReference; lastKnownFileType = sourcecode.swift; path = CustomTableViewModels.swift; sourceTree = "<group>"; };
		28BAA19722E493AC006A07B7 /* CustomTableViewViewController.swift */ = {isa = PBXFileReference; lastKnownFileType = sourcecode.swift; path = CustomTableViewViewController.swift; sourceTree = "<group>"; };
		28BAA19822E493AC006A07B7 /* CustomTableViewInteractor.swift */ = {isa = PBXFileReference; lastKnownFileType = sourcecode.swift; path = CustomTableViewInteractor.swift; sourceTree = "<group>"; };
		28BAA19922E493AC006A07B7 /* CustomTableViewConfigurator.swift */ = {isa = PBXFileReference; lastKnownFileType = sourcecode.swift; path = CustomTableViewConfigurator.swift; sourceTree = "<group>"; };
		28BAA1A622E4945A006A07B7 /* CustomTableViewCell.swift */ = {isa = PBXFileReference; lastKnownFileType = sourcecode.swift; path = CustomTableViewCell.swift; sourceTree = "<group>"; };
		28BAA1A722E4945A006A07B7 /* CustomTableViewCell.xib */ = {isa = PBXFileReference; lastKnownFileType = file.xib; path = CustomTableViewCell.xib; sourceTree = "<group>"; };
		28BAA1AB22E4976C006A07B7 /* Constant.swift */ = {isa = PBXFileReference; lastKnownFileType = sourcecode.swift; path = Constant.swift; sourceTree = "<group>"; };
/* End PBXFileReference section */

/* Begin PBXFrameworksBuildPhase section */
		28BAA16C22E49325006A07B7 /* Frameworks */ = {
			isa = PBXFrameworksBuildPhase;
			buildActionMask = 2147483647;
			files = (
			);
			runOnlyForDeploymentPostprocessing = 0;
		};
		28BAA18022E49327006A07B7 /* Frameworks */ = {
			isa = PBXFrameworksBuildPhase;
			buildActionMask = 2147483647;
			files = (
			);
			runOnlyForDeploymentPostprocessing = 0;
		};
/* End PBXFrameworksBuildPhase section */

/* Begin PBXGroup section */
		28BAA16622E49325006A07B7 = {
			isa = PBXGroup;
			children = (
				28BAA17122E49325006A07B7 /* CustomTableView */,
				28BAA18622E49327006A07B7 /* CustomTableViewUITests */,
				28BAA17022E49325006A07B7 /* Products */,
			);
			sourceTree = "<group>";
		};
		28BAA17022E49325006A07B7 /* Products */ = {
			isa = PBXGroup;
			children = (
				28BAA16F22E49325006A07B7 /* CustomTableView.app */,
				28BAA18322E49327006A07B7 /* CustomTableViewUITests.xctest */,
			);
			name = Products;
			sourceTree = "<group>";
		};
		28BAA17122E49325006A07B7 /* CustomTableView */ = {
			isa = PBXGroup;
			children = (
				28BAA1A422E493CA006A07B7 /* VIP-DesignPatten */,
				28BAA17222E49325006A07B7 /* AppDelegate.swift */,
				28BAA17622E49325006A07B7 /* Main.storyboard */,
				28BAA17922E49327006A07B7 /* Assets.xcassets */,
				28BAA17B22E49327006A07B7 /* LaunchScreen.storyboard */,
				28BAA17E22E49327006A07B7 /* Info.plist */,
			);
			path = CustomTableView;
			sourceTree = "<group>";
		};
		28BAA18622E49327006A07B7 /* CustomTableViewUITests */ = {
			isa = PBXGroup;
			children = (
				28BAA18722E49327006A07B7 /* CustomTableViewUITests.swift */,
				28BAA18922E49327006A07B7 /* Info.plist */,
			);
			path = CustomTableViewUITests;
			sourceTree = "<group>";
		};
		28BAA1A422E493CA006A07B7 /* VIP-DesignPatten */ = {
			isa = PBXGroup;
			children = (
				28BAA1AA22E49757006A07B7 /* Constant */,
				28BAA1A522E4942B006A07B7 /* CustomCell */,
				28BAA19222E493AC006A07B7 /* CustomTableViewStoryboard.storyboard */,
				28BAA19322E493AC006A07B7 /* CustomTableViewPresenter.swift */,
				28BAA19622E493AC006A07B7 /* CustomTableViewModels.swift */,
				28BAA19722E493AC006A07B7 /* CustomTableViewViewController.swift */,
				28BAA19822E493AC006A07B7 /* CustomTableViewInteractor.swift */,
				28BAA19922E493AC006A07B7 /* CustomTableViewConfigurator.swift */,
			);
			path = "VIP-DesignPatten";
			sourceTree = "<group>";
		};
		28BAA1A522E4942B006A07B7 /* CustomCell */ = {
			isa = PBXGroup;
			children = (
				28BAA1A622E4945A006A07B7 /* CustomTableViewCell.swift */,
				28BAA1A722E4945A006A07B7 /* CustomTableViewCell.xib */,
			);
			path = CustomCell;
			sourceTree = "<group>";
		};
		28BAA1AA22E49757006A07B7 /* Constant */ = {
			isa = PBXGroup;
			children = (
				28BAA1AB22E4976C006A07B7 /* Constant.swift */,
			);
			path = Constant;
			sourceTree = "<group>";
		};
/* End PBXGroup section */

/* Begin PBXNativeTarget section */
		28BAA16E22E49325006A07B7 /* CustomTableView */ = {
			isa = PBXNativeTarget;
			buildConfigurationList = 28BAA18C22E49327006A07B7 /* Build configuration list for PBXNativeTarget "CustomTableView" */;
			buildPhases = (
				28BAA16B22E49325006A07B7 /* Sources */,
				28BAA16C22E49325006A07B7 /* Frameworks */,
				28BAA16D22E49325006A07B7 /* Resources */,
			);
			buildRules = (
			);
			dependencies = (
			);
			name = CustomTableView;
			productName = CustomTableView;
			productReference = 28BAA16F22E49325006A07B7 /* CustomTableView.app */;
			productType = "com.apple.product-type.application";
		};
		28BAA18222E49327006A07B7 /* CustomTableViewUITests */ = {
			isa = PBXNativeTarget;
			buildConfigurationList = 28BAA18F22E49327006A07B7 /* Build configuration list for PBXNativeTarget "CustomTableViewUITests" */;
			buildPhases = (
				28BAA17F22E49327006A07B7 /* Sources */,
				28BAA18022E49327006A07B7 /* Frameworks */,
				28BAA18122E49327006A07B7 /* Resources */,
			);
			buildRules = (
			);
			dependencies = (
				28BAA18522E49327006A07B7 /* PBXTargetDependency */,
			);
			name = CustomTableViewUITests;
			productName = CustomTableViewUITests;
			productReference = 28BAA18322E49327006A07B7 /* CustomTableViewUITests.xctest */;
			productType = "com.apple.product-type.bundle.ui-testing";
		};
/* End PBXNativeTarget section */

/* Begin PBXProject section */
		28BAA16722E49325006A07B7 /* Project object */ = {
			isa = PBXProject;
			attributes = {
				LastSwiftUpdateCheck = 1020;
				LastUpgradeCheck = 1020;
				ORGANIZATIONNAME = CIMBTHAI;
				TargetAttributes = {
					28BAA16E22E49325006A07B7 = {
						CreatedOnToolsVersion = 10.2.1;
					};
					28BAA18222E49327006A07B7 = {
						CreatedOnToolsVersion = 10.2.1;
						TestTargetID = 28BAA16E22E49325006A07B7;
					};
				};
			};
			buildConfigurationList = 28BAA16A22E49325006A07B7 /* Build configuration list for PBXProject "CustomTableView" */;
			compatibilityVersion = "Xcode 9.3";
			developmentRegion = en;
			hasScannedForEncodings = 0;
			knownRegions = (
				en,
				Base,
			);
			mainGroup = 28BAA16622E49325006A07B7;
			productRefGroup = 28BAA17022E49325006A07B7 /* Products */;
			projectDirPath = "";
			projectRoot = "";
			targets = (
				28BAA16E22E49325006A07B7 /* CustomTableView */,
				28BAA18222E49327006A07B7 /* CustomTableViewUITests */,
			);
		};
/* End PBXProject section */

/* Begin PBXResourcesBuildPhase section */
		28BAA16D22E49325006A07B7 /* Resources */ = {
			isa = PBXResourcesBuildPhase;
			buildActionMask = 2147483647;
			files = (
				28BAA17D22E49327006A07B7 /* LaunchScreen.storyboard in Resources */,
				28BAA17A22E49327006A07B7 /* Assets.xcassets in Resources */,
				28BAA19B22E493AC006A07B7 /* CustomTableViewStoryboard.storyboard in Resources */,
				28BAA1A922E4945A006A07B7 /* CustomTableViewCell.xib in Resources */,
				28BAA17822E49325006A07B7 /* Main.storyboard in Resources */,
			);
			runOnlyForDeploymentPostprocessing = 0;
		};
		28BAA18122E49327006A07B7 /* Resources */ = {
			isa = PBXResourcesBuildPhase;
			buildActionMask = 2147483647;
			files = (
			);
			runOnlyForDeploymentPostprocessing = 0;
		};
/* End PBXResourcesBuildPhase section */

/* Begin PBXSourcesBuildPhase section */
		28BAA16B22E49325006A07B7 /* Sources */ = {
			isa = PBXSourcesBuildPhase;
			buildActionMask = 2147483647;
			files = (
				28BAA1A822E4945A006A07B7 /* CustomTableViewCell.swift in Sources */,
				28BAA19F22E493AC006A07B7 /* CustomTableViewModels.swift in Sources */,
				28BAA1A122E493AC006A07B7 /* CustomTableViewInteractor.swift in Sources */,
				28BAA17322E49325006A07B7 /* AppDelegate.swift in Sources */,
				28BAA1A022E493AC006A07B7 /* CustomTableViewViewController.swift in Sources */,
				28BAA19C22E493AC006A07B7 /* CustomTableViewPresenter.swift in Sources */,
				28BAA1A222E493AC006A07B7 /* CustomTableViewConfigurator.swift in Sources */,
				28BAA1AC22E4976C006A07B7 /* Constant.swift in Sources */,
			);
			runOnlyForDeploymentPostprocessing = 0;
		};
		28BAA17F22E49327006A07B7 /* Sources */ = {
			isa = PBXSourcesBuildPhase;
			buildActionMask = 2147483647;
			files = (
				28BAA18822E49327006A07B7 /* CustomTableViewUITests.swift in Sources */,
			);
			runOnlyForDeploymentPostprocessing = 0;
		};
/* End PBXSourcesBuildPhase section */

/* Begin PBXTargetDependency section */
		28BAA18522E49327006A07B7 /* PBXTargetDependency */ = {
			isa = PBXTargetDependency;
			target = 28BAA16E22E49325006A07B7 /* CustomTableView */;
			targetProxy = 28BAA18422E49327006A07B7 /* PBXContainerItemProxy */;
		};
/* End PBXTargetDependency section */

/* Begin PBXVariantGroup section */
		28BAA17622E49325006A07B7 /* Main.storyboard */ = {
			isa = PBXVariantGroup;
			children = (
				28BAA17722E49325006A07B7 /* Base */,
			);
			name = Main.storyboard;
			sourceTree = "<group>";
		};
		28BAA17B22E49327006A07B7 /* LaunchScreen.storyboard */ = {
			isa = PBXVariantGroup;
			children = (
				28BAA17C22E49327006A07B7 /* Base */,
			);
			name = LaunchScreen.storyboard;
			sourceTree = "<group>";
		};
/* End PBXVariantGroup section */

/* Begin XCBuildConfiguration section */
		28BAA18A22E49327006A07B7 /* Debug */ = {
			isa = XCBuildConfiguration;
			buildSettings = {
				ALWAYS_SEARCH_USER_PATHS = NO;
				CLANG_ANALYZER_NONNULL = YES;
				CLANG_ANALYZER_NUMBER_OBJECT_CONVERSION = YES_AGGRESSIVE;
				CLANG_CXX_LANGUAGE_STANDARD = "gnu++14";
				CLANG_CXX_LIBRARY = "libc++";
				CLANG_ENABLE_MODULES = YES;
				CLANG_ENABLE_OBJC_ARC = YES;
				CLANG_ENABLE_OBJC_WEAK = YES;
				CLANG_WARN_BLOCK_CAPTURE_AUTORELEASING = YES;
				CLANG_WARN_BOOL_CONVERSION = YES;
				CLANG_WARN_COMMA = YES;
				CLANG_WARN_CONSTANT_CONVERSION = YES;
				CLANG_WARN_DEPRECATED_OBJC_IMPLEMENTATIONS = YES;
				CLANG_WARN_DIRECT_OBJC_ISA_USAGE = YES_ERROR;
				CLANG_WARN_DOCUMENTATION_COMMENTS = YES;
				CLANG_WARN_EMPTY_BODY = YES;
				CLANG_WARN_ENUM_CONVERSION = YES;
				CLANG_WARN_INFINITE_RECURSION = YES;
				CLANG_WARN_INT_CONVERSION = YES;
				CLANG_WARN_NON_LITERAL_NULL_CONVERSION = YES;
				CLANG_WARN_OBJC_IMPLICIT_RETAIN_SELF = YES;
				CLANG_WARN_OBJC_LITERAL_CONVERSION = YES;
				CLANG_WARN_OBJC_ROOT_CLASS = YES_ERROR;
				CLANG_WARN_RANGE_LOOP_ANALYSIS = YES;
				CLANG_WARN_STRICT_PROTOTYPES = YES;
				CLANG_WARN_SUSPICIOUS_MOVE = YES;
				CLANG_WARN_UNGUARDED_AVAILABILITY = YES_AGGRESSIVE;
				CLANG_WARN_UNREACHABLE_CODE = YES;
				CLANG_WARN__DUPLICATE_METHOD_MATCH = YES;
				CODE_SIGN_IDENTITY = "iPhone Developer";
				COPY_PHASE_STRIP = NO;
				DEBUG_INFORMATION_FORMAT = dwarf;
				ENABLE_STRICT_OBJC_MSGSEND = YES;
				ENABLE_TESTABILITY = YES;
				GCC_C_LANGUAGE_STANDARD = gnu11;
				GCC_DYNAMIC_NO_PIC = NO;
				GCC_NO_COMMON_BLOCKS = YES;
				GCC_OPTIMIZATION_LEVEL = 0;
				GCC_PREPROCESSOR_DEFINITIONS = (
					"DEBUG=1",
					"$(inherited)",
				);
				GCC_WARN_64_TO_32_BIT_CONVERSION = YES;
				GCC_WARN_ABOUT_RETURN_TYPE = YES_ERROR;
				GCC_WARN_UNDECLARED_SELECTOR = YES;
				GCC_WARN_UNINITIALIZED_AUTOS = YES_AGGRESSIVE;
				GCC_WARN_UNUSED_FUNCTION = YES;
				GCC_WARN_UNUSED_VARIABLE = YES;
				IPHONEOS_DEPLOYMENT_TARGET = 12.2;
				MTL_ENABLE_DEBUG_INFO = INCLUDE_SOURCE;
				MTL_FAST_MATH = YES;
				ONLY_ACTIVE_ARCH = YES;
				SDKROOT = iphoneos;
				SWIFT_ACTIVE_COMPILATION_CONDITIONS = DEBUG;
				SWIFT_OPTIMIZATION_LEVEL = "-Onone";
			};
			name = Debug;
		};
		28BAA18B22E49327006A07B7 /* Release */ = {
			isa = XCBuildConfiguration;
			buildSettings = {
				ALWAYS_SEARCH_USER_PATHS = NO;
				CLANG_ANALYZER_NONNULL = YES;
				CLANG_ANALYZER_NUMBER_OBJECT_CONVERSION = YES_AGGRESSIVE;
				CLANG_CXX_LANGUAGE_STANDARD = "gnu++14";
				CLANG_CXX_LIBRARY = "libc++";
				CLANG_ENABLE_MODULES = YES;
				CLANG_ENABLE_OBJC_ARC = YES;
				CLANG_ENABLE_OBJC_WEAK = YES;
				CLANG_WARN_BLOCK_CAPTURE_AUTORELEASING = YES;
				CLANG_WARN_BOOL_CONVERSION = YES;
				CLANG_WARN_COMMA = YES;
				CLANG_WARN_CONSTANT_CONVERSION = YES;
				CLANG_WARN_DEPRECATED_OBJC_IMPLEMENTATIONS = YES;
				CLANG_WARN_DIRECT_OBJC_ISA_USAGE = YES_ERROR;
				CLANG_WARN_DOCUMENTATION_COMMENTS = YES;
				CLANG_WARN_EMPTY_BODY = YES;
				CLANG_WARN_ENUM_CONVERSION = YES;
				CLANG_WARN_INFINITE_RECURSION = YES;
				CLANG_WARN_INT_CONVERSION = YES;
				CLANG_WARN_NON_LITERAL_NULL_CONVERSION = YES;
				CLANG_WARN_OBJC_IMPLICIT_RETAIN_SELF = YES;
				CLANG_WARN_OBJC_LITERAL_CONVERSION = YES;
				CLANG_WARN_OBJC_ROOT_CLASS = YES_ERROR;
				CLANG_WARN_RANGE_LOOP_ANALYSIS = YES;
				CLANG_WARN_STRICT_PROTOTYPES = YES;
				CLANG_WARN_SUSPICIOUS_MOVE = YES;
				CLANG_WARN_UNGUARDED_AVAILABILITY = YES_AGGRESSIVE;
				CLANG_WARN_UNREACHABLE_CODE = YES;
				CLANG_WARN__DUPLICATE_METHOD_MATCH = YES;
				CODE_SIGN_IDENTITY = "iPhone Developer";
				COPY_PHASE_STRIP = NO;
				DEBUG_INFORMATION_FORMAT = "dwarf-with-dsym";
				ENABLE_NS_ASSERTIONS = NO;
				ENABLE_STRICT_OBJC_MSGSEND = YES;
				GCC_C_LANGUAGE_STANDARD = gnu11;
				GCC_NO_COMMON_BLOCKS = YES;
				GCC_WARN_64_TO_32_BIT_CONVERSION = YES;
				GCC_WARN_ABOUT_RETURN_TYPE = YES_ERROR;
				GCC_WARN_UNDECLARED_SELECTOR = YES;
				GCC_WARN_UNINITIALIZED_AUTOS = YES_AGGRESSIVE;
				GCC_WARN_UNUSED_FUNCTION = YES;
				GCC_WARN_UNUSED_VARIABLE = YES;
				IPHONEOS_DEPLOYMENT_TARGET = 12.2;
				MTL_ENABLE_DEBUG_INFO = NO;
				MTL_FAST_MATH = YES;
				SDKROOT = iphoneos;
				SWIFT_COMPILATION_MODE = wholemodule;
				SWIFT_OPTIMIZATION_LEVEL = "-O";
				VALIDATE_PRODUCT = YES;
			};
			name = Release;
		};
		28BAA18D22E49327006A07B7 /* Debug */ = {
			isa = XCBuildConfiguration;
			buildSettings = {
				ASSETCATALOG_COMPILER_APPICON_NAME = AppIcon;
				CODE_SIGN_STYLE = Automatic;
				INFOPLIST_FILE = CustomTableView/Info.plist;
				LD_RUNPATH_SEARCH_PATHS = (
					"$(inherited)",
					"@executable_path/Frameworks",
				);
				PRODUCT_BUNDLE_IDENTIFIER = com.RajSaiSample.CustomTableView;
				PRODUCT_NAME = "$(TARGET_NAME)";
				SWIFT_VERSION = 5.0;
				TARGETED_DEVICE_FAMILY = "1,2";
			};
			name = Debug;
		};
		28BAA18E22E49327006A07B7 /* Release */ = {
			isa = XCBuildConfiguration;
			buildSettings = {
				ASSETCATALOG_COMPILER_APPICON_NAME = AppIcon;
				CODE_SIGN_STYLE = Automatic;
				INFOPLIST_FILE = CustomTableView/Info.plist;
				LD_RUNPATH_SEARCH_PATHS = (
					"$(inherited)",
					"@executable_path/Frameworks",
				);
				PRODUCT_BUNDLE_IDENTIFIER = com.RajSaiSample.CustomTableView;
				PRODUCT_NAME = "$(TARGET_NAME)";
				SWIFT_VERSION = 5.0;
				TARGETED_DEVICE_FAMILY = "1,2";
			};
			name = Release;
		};
		28BAA19022E49327006A07B7 /* Debug */ = {
			isa = XCBuildConfiguration;
			buildSettings = {
				ALWAYS_EMBED_SWIFT_STANDARD_LIBRARIES = YES;
				CODE_SIGN_STYLE = Automatic;
				INFOPLIST_FILE = CustomTableViewUITests/Info.plist;
				LD_RUNPATH_SEARCH_PATHS = (
					"$(inherited)",
					"@executable_path/Frameworks",
					"@loader_path/Frameworks",
				);
				PRODUCT_BUNDLE_IDENTIFIER = com.RajSaiSample.CustomTableViewUITests;
				PRODUCT_NAME = "$(TARGET_NAME)";
				SWIFT_VERSION = 5.0;
				TARGETED_DEVICE_FAMILY = "1,2";
				TEST_TARGET_NAME = CustomTableView;
			};
			name = Debug;
		};
		28BAA19122E49327006A07B7 /* Release */ = {
			isa = XCBuildConfiguration;
			buildSettings = {
				ALWAYS_EMBED_SWIFT_STANDARD_LIBRARIES = YES;
				CODE_SIGN_STYLE = Automatic;
				INFOPLIST_FILE = CustomTableViewUITests/Info.plist;
				LD_RUNPATH_SEARCH_PATHS = (
					"$(inherited)",
					"@executable_path/Frameworks",
					"@loader_path/Frameworks",
				);
				PRODUCT_BUNDLE_IDENTIFIER = com.RajSaiSample.CustomTableViewUITests;
				PRODUCT_NAME = "$(TARGET_NAME)";
				SWIFT_VERSION = 5.0;
				TARGETED_DEVICE_FAMILY = "1,2";
				TEST_TARGET_NAME = CustomTableView;
			};
			name = Release;
		};
/* End XCBuildConfiguration section */

/* Begin XCConfigurationList section */
		28BAA16A22E49325006A07B7 /* Build configuration list for PBXProject "CustomTableView" */ = {
			isa = XCConfigurationList;
			buildConfigurations = (
				28BAA18A22E49327006A07B7 /* Debug */,
				28BAA18B22E49327006A07B7 /* Release */,
			);
			defaultConfigurationIsVisible = 0;
			defaultConfigurationName = Release;
		};
		28BAA18C22E49327006A07B7 /* Build configuration list for PBXNativeTarget "CustomTableView" */ = {
			isa = XCConfigurationList;
			buildConfigurations = (
				28BAA18D22E49327006A07B7 /* Debug */,
				28BAA18E22E49327006A07B7 /* Release */,
			);
			defaultConfigurationIsVisible = 0;
			defaultConfigurationName = Release;
		};
		28BAA18F22E49327006A07B7 /* Build configuration list for PBXNativeTarget "CustomTableViewUITests" */ = {
			isa = XCConfigurationList;
			buildConfigurations = (
				28BAA19022E49327006A07B7 /* Debug */,
				28BAA19122E49327006A07B7 /* Release */,
			);
			defaultConfigurationIsVisible = 0;
			defaultConfigurationName = Release;
		};
/* End XCConfigurationList section */
	};
	rootObject = 28BAA16722E49325006A07B7 /* Project object */;
}
